Microsoft Visual Studio Solution File, Format Version 12.00
# Visual Studio 2012
Project("{FAE04EC0-301F-11D3-BF4B-00C04F79EFBC}") = "Soul Ferry", "Soul Ferry.csproj", "{42500832-6D2D-4CFA-941A-F37B8C5EA41A}"
EndProject
Global
	GlobalSection(SolutionConfigurationPlatforms) = preSolution
	Debug|Any CPU = Debug|Any CPU
	ExportDebug|Any CPU = ExportDebug|Any CPU
	ExportRelease|Any CPU = ExportRelease|Any CPU
	EndGlobalSection
	GlobalSection(ProjectConfigurationPlatforms) = postSolution
		{42500832-6D2D-4CFA-941A-F37B8C5EA41A}.Debug|Any CPU.ActiveCfg = Debug|Any CPU
		{42500832-6D2D-4CFA-941A-F37B8C5EA41A}.Debug|Any CPU.Build.0 = Debug|Any CPU
		{42500832-6D2D-4CFA-941A-F37B8C5EA41A}.ExportDebug|Any CPU.ActiveCfg = ExportDebug|Any CPU
		{42500832-6D2D-4CFA-941A-F37B8C5EA41A}.ExportDebug|Any CPU.Build.0 = ExportDebug|Any CPU
		{42500832-6D2D-4CFA-941A-F37B8C5EA41A}.ExportRelease|Any CPU.ActiveCfg = ExportRelease|Any CPU
		{42500832-6D2D-4CFA-941A-F37B8C5EA41A}.ExportRelease|Any CPU.Build.0 = ExportRelease|Any CPU
	EndGlobalSection
EndGlobal
